
Microsoft Visual Studio Solution File, Format Version 12.00
# Visual Studio Version 17
VisualStudioVersion = 17.10.35013.160
MinimumVisualStudioVersion = 10.0.40219.1
Project("{FAE04EC0-301F-11D3-BF4B-00C04F79EFBC}") = "EquityCalculatorWeb", "EquityCalculatorWeb.csproj", "{2954C852-F351-474E-B1EE-46E0C341BF8B}"
EndProject
Global
	GlobalSection(SolutionConfigurationPlatforms) = preSolution
		Debug|Any CPU = Debug|Any CPU
		Release|Any CPU = Release|Any CPU
	EndGlobalSection
	GlobalSection(ProjectConfigurationPlatforms) = postSolution
		{2954C852-F351-474E-B1EE-46E0C341BF8B}.Debug|Any CPU.ActiveCfg = Debug|Any CPU
		{2954C852-F351-474E-B1EE-46E0C341BF8B}.Debug|Any CPU.Build.0 = Debug|Any CPU
		{2954C852-F351-474E-B1EE-46E0C341BF8B}.Release|Any CPU.ActiveCfg = Release|Any CPU
		{2954C852-F351-474E-B1EE-46E0C341BF8B}.Release|Any CPU.Build.0 = Release|Any CPU
	EndGlobalSection
	GlobalSection(SolutionProperties) = preSolution
		HideSolutionNode = FALSE
	EndGlobalSection
	GlobalSection(ExtensibilityGlobals) = postSolution
		SolutionGuid = {358B7784-E6F2-4EED-BC89-17D32BD601B2}
	EndGlobalSection
EndGlobal
